
Microsoft Visual Studio Solution File, Format Version 12.00
# Visual Studio Version 16
VisualStudioVersion = 16.0.30011.22
MinimumVisualStudioVersion = 10.0.40219.1
Project("{9A19103F-16F7-4668-BE54-9A1E7A4F7556}") = "NET", "NET\NET.csproj", "{50CAA647-B910-4697-8B8E-F7A7DE6F14E7}"
EndProject
Project("{9A19103F-16F7-4668-BE54-9A1E7A4F7556}") = "Statistical", "Statistical\Statistical.csproj", "{ADDDC1DE-0F22-47B4-9911-B60627C8FCA0}"
EndProject
Project("{9A19103F-16F7-4668-BE54-9A1E7A4F7556}") = "Bo", "Bo\Bo.csproj", "{13DC2AD7-ADC5-430A-A94E-926F7DD88DA2}"
EndProject
Project("{9A19103F-16F7-4668-BE54-9A1E7A4F7556}") = "Data", "Data\Data.csproj", "{34A7B6B9-0521-4EEC-A9D3-7C498B922BA7}"
EndProject
Project("{9A19103F-16F7-4668-BE54-9A1E7A4F7556}") = "Tools", "Tools\Tools.csproj", "{918228CB-ADD8-46E0-AC15-6ECB4B14CB3A}"
EndProject
Global
	GlobalSection(SolutionConfigurationPlatforms) = preSolution
		Debug|Any CPU = Debug|Any CPU
		Release|Any CPU = Release|Any CPU
	EndGlobalSection
	GlobalSection(ProjectConfigurationPlatforms) = postSolution
		{50CAA647-B910-4697-8B8E-F7A7DE6F14E7}.Debug|Any CPU.ActiveCfg = Debug|Any CPU
		{50CAA647-B910-4697-8B8E-F7A7DE6F14E7}.Debug|Any CPU.Build.0 = Debug|Any CPU
		{50CAA647-B910-4697-8B8E-F7A7DE6F14E7}.Release|Any CPU.ActiveCfg = Release|Any CPU
		{50CAA647-B910-4697-8B8E-F7A7DE6F14E7}.Release|Any CPU.Build.0 = Release|Any CPU
		{ADDDC1DE-0F22-47B4-9911-B60627C8FCA0}.Debug|Any CPU.ActiveCfg = Debug|Any CPU
		{ADDDC1DE-0F22-47B4-9911-B60627C8FCA0}.Debug|Any CPU.Build.0 = Debug|Any CPU
		{ADDDC1DE-0F22-47B4-9911-B60627C8FCA0}.Release|Any CPU.ActiveCfg = Release|Any CPU
		{ADDDC1DE-0F22-47B4-9911-B60627C8FCA0}.Release|Any CPU.Build.0 = Release|Any CPU
		{13DC2AD7-ADC5-430A-A94E-926F7DD88DA2}.Debug|Any CPU.ActiveCfg = Debug|Any CPU
		{13DC2AD7-ADC5-430A-A94E-926F7DD88DA2}.Debug|Any CPU.Build.0 = Debug|Any CPU
		{13DC2AD7-ADC5-430A-A94E-926F7DD88DA2}.Release|Any CPU.ActiveCfg = Release|Any CPU
		{13DC2AD7-ADC5-430A-A94E-926F7DD88DA2}.Release|Any CPU.Build.0 = Release|Any CPU
		{34A7B6B9-0521-4EEC-A9D3-7C498B922BA7}.Debug|Any CPU.ActiveCfg = Debug|Any CPU
		{34A7B6B9-0521-4EEC-A9D3-7C498B922BA7}.Debug|Any CPU.Build.0 = Debug|Any CPU
		{34A7B6B9-0521-4EEC-A9D3-7C498B922BA7}.Release|Any CPU.ActiveCfg = Release|Any CPU
		{34A7B6B9-0521-4EEC-A9D3-7C498B922BA7}.Release|Any CPU.Build.0 = Release|Any CPU
		{918228CB-ADD8-46E0-AC15-6ECB4B14CB3A}.Debug|Any CPU.ActiveCfg = Debug|Any CPU
		{918228CB-ADD8-46E0-AC15-6ECB4B14CB3A}.Debug|Any CPU.Build.0 = Debug|Any CPU
		{918228CB-ADD8-46E0-AC15-6ECB4B14CB3A}.Release|Any CPU.ActiveCfg = Release|Any CPU
		{918228CB-ADD8-46E0-AC15-6ECB4B14CB3A}.Release|Any CPU.Build.0 = Release|Any CPU
	EndGlobalSection
	GlobalSection(SolutionProperties) = preSolution
		HideSolutionNode = FALSE
	EndGlobalSection
	GlobalSection(ExtensibilityGlobals) = postSolution
		SolutionGuid = {428A91D9-6BE8-4BE7-9575-74D1FF4EA792}
	EndGlobalSection
EndGlobal
